
Microsoft Visual Studio Solution File, Format Version 12.00
# Visual Studio Version 16
VisualStudioVersion = 16.0.30523.141
MinimumVisualStudioVersion = 10.0.40219.1
Project("{FAE04EC0-301F-11D3-BF4B-00C04F79EFBC}") = "Inlämningsuppgift 2 test", "Inlämningsuppgift 2 test\Inlämningsuppgift 2 test.csproj", "{F018DECB-D18E-4578-AB1C-739F26E19833}"
EndProject
Global
	GlobalSection(SolutionConfigurationPlatforms) = preSolution
		Debug|Any CPU = Debug|Any CPU
		Release|Any CPU = Release|Any CPU
	EndGlobalSection
	GlobalSection(ProjectConfigurationPlatforms) = postSolution
		{F018DECB-D18E-4578-AB1C-739F26E19833}.Debug|Any CPU.ActiveCfg = Debug|Any CPU
		{F018DECB-D18E-4578-AB1C-739F26E19833}.Debug|Any CPU.Build.0 = Debug|Any CPU
		{F018DECB-D18E-4578-AB1C-739F26E19833}.Release|Any CPU.ActiveCfg = Release|Any CPU
		{F018DECB-D18E-4578-AB1C-739F26E19833}.Release|Any CPU.Build.0 = Release|Any CPU
	EndGlobalSection
	GlobalSection(SolutionProperties) = preSolution
		HideSolutionNode = FALSE
	EndGlobalSection
	GlobalSection(ExtensibilityGlobals) = postSolution
		SolutionGuid = {6E1544D7-6B59-44F1-A77B-03E576DEF09E}
	EndGlobalSection
EndGlobal
